
Microsoft Visual Studio Solution File, Format Version 12.00
# Visual Studio Version 16
VisualStudioVersion = 16.0.31702.278
MinimumVisualStudioVersion = 10.0.40219.1
Project("{FAE04EC0-301F-11D3-BF4B-00C04F79EFBC}") = "WebApiDemo", "WebApiDemo\WebApiDemo.csproj", "{BDE6B454-9B83-46F5-B44B-E3B5DB6E03A8}"
EndProject
Global
	GlobalSection(SolutionConfigurationPlatforms) = preSolution
		Debug|Any CPU = Debug|Any CPU
		Release|Any CPU = Release|Any CPU
	EndGlobalSection
	GlobalSection(ProjectConfigurationPlatforms) = postSolution
		{BDE6B454-9B83-46F5-B44B-E3B5DB6E03A8}.Debug|Any CPU.ActiveCfg = Debug|Any CPU
		{BDE6B454-9B83-46F5-B44B-E3B5DB6E03A8}.Debug|Any CPU.Build.0 = Debug|Any CPU
		{BDE6B454-9B83-46F5-B44B-E3B5DB6E03A8}.Release|Any CPU.ActiveCfg = Release|Any CPU
		{BDE6B454-9B83-46F5-B44B-E3B5DB6E03A8}.Release|Any CPU.Build.0 = Release|Any CPU
	EndGlobalSection
	GlobalSection(SolutionProperties) = preSolution
		HideSolutionNode = FALSE
	EndGlobalSection
	GlobalSection(ExtensibilityGlobals) = postSolution
		SolutionGuid = {72AA60A5-498D-456E-958F-9E023F995DB0}
	EndGlobalSection
EndGlobal
